
Microsoft Visual Studio Solution File, Format Version 10.00
# Visual Studio 2008
Project("{FAE04EC0-301F-11D3-BF4B-00C04F79EFBC}") = "QLDaiLy", "QLDaiLy\QLDaiLy.csproj", "{96118495-50A5-4426-A04C-E9A783484A9D}"
EndProject
Project("{FAE04EC0-301F-11D3-BF4B-00C04F79EFBC}") = "QLDL.BUS", "QLDL.BUS\QLDL.BUS.csproj", "{B0F5DCBA-CC09-42E5-AF04-E0AE6A84D7FB}"
EndProject
Project("{FAE04EC0-301F-11D3-BF4B-00C04F79EFBC}") = "QLDL.DAO", "QLDL.DAO\QLDL.DAO.csproj", "{DA86B790-E4FE-402B-9E67-052C9BDFFE15}"
EndProject
Project("{FAE04EC0-301F-11D3-BF4B-00C04F79EFBC}") = "QLDL.DTO", "QLDL.DTO\QLDL.DTO.csproj", "{32125E83-9463-4DD2-9B61-5212220B7A66}"
EndProject
Global
	GlobalSection(SolutionConfigurationPlatforms) = preSolution
		Debug|Any CPU = Debug|Any CPU
		Release|Any CPU = Release|Any CPU
	EndGlobalSection
	GlobalSection(ProjectConfigurationPlatforms) = postSolution
		{96118495-50A5-4426-A04C-E9A783484A9D}.Debug|Any CPU.ActiveCfg = Debug|Any CPU
		{96118495-50A5-4426-A04C-E9A783484A9D}.Debug|Any CPU.Build.0 = Debug|Any CPU
		{96118495-50A5-4426-A04C-E9A783484A9D}.Release|Any CPU.ActiveCfg = Release|Any CPU
		{96118495-50A5-4426-A04C-E9A783484A9D}.Release|Any CPU.Build.0 = Release|Any CPU
		{B0F5DCBA-CC09-42E5-AF04-E0AE6A84D7FB}.Debug|Any CPU.ActiveCfg = Debug|Any CPU
		{B0F5DCBA-CC09-42E5-AF04-E0AE6A84D7FB}.Debug|Any CPU.Build.0 = Debug|Any CPU
		{B0F5DCBA-CC09-42E5-AF04-E0AE6A84D7FB}.Release|Any CPU.ActiveCfg = Release|Any CPU
		{B0F5DCBA-CC09-42E5-AF04-E0AE6A84D7FB}.Release|Any CPU.Build.0 = Release|Any CPU
		{DA86B790-E4FE-402B-9E67-052C9BDFFE15}.Debug|Any CPU.ActiveCfg = Debug|Any CPU
		{DA86B790-E4FE-402B-9E67-052C9BDFFE15}.Debug|Any CPU.Build.0 = Debug|Any CPU
		{DA86B790-E4FE-402B-9E67-052C9BDFFE15}.Release|Any CPU.ActiveCfg = Release|Any CPU
		{DA86B790-E4FE-402B-9E67-052C9BDFFE15}.Release|Any CPU.Build.0 = Release|Any CPU
		{32125E83-9463-4DD2-9B61-5212220B7A66}.Debug|Any CPU.ActiveCfg = Debug|Any CPU
		{32125E83-9463-4DD2-9B61-5212220B7A66}.Debug|Any CPU.Build.0 = Debug|Any CPU
		{32125E83-9463-4DD2-9B61-5212220B7A66}.Release|Any CPU.ActiveCfg = Release|Any CPU
		{32125E83-9463-4DD2-9B61-5212220B7A66}.Release|Any CPU.Build.0 = Release|Any CPU
	EndGlobalSection
	GlobalSection(SolutionProperties) = preSolution
		HideSolutionNode = FALSE
	EndGlobalSection
EndGlobal
