
Microsoft Visual Studio Solution File, Format Version 9.00
# Visual Studio 2005
Project("{FAE04EC0-301F-11D3-BF4B-00C04F79EFBC}") = "MyWinApp", "MyWinApp\MyWinApp.csproj", "{F31CECE3-D717-480A-884B-71C1371C339C}"
EndProject
Project("{FAE04EC0-301F-11D3-BF4B-00C04F79EFBC}") = "MyLibrary", "MyLibrary\MyLibrary.csproj", "{D43F1326-9953-4AB5-828C-F24D01644408}"
EndProject
Global
	GlobalSection(SolutionConfigurationPlatforms) = preSolution
		Debug|Any CPU = Debug|Any CPU
		Release|Any CPU = Release|Any CPU
	EndGlobalSection
	GlobalSection(ProjectConfigurationPlatforms) = postSolution
		{F31CECE3-D717-480A-884B-71C1371C339C}.Debug|Any CPU.ActiveCfg = Debug|Any CPU
		{F31CECE3-D717-480A-884B-71C1371C339C}.Debug|Any CPU.Build.0 = Debug|Any CPU
		{F31CECE3-D717-480A-884B-71C1371C339C}.Release|Any CPU.ActiveCfg = Release|Any CPU
		{F31CECE3-D717-480A-884B-71C1371C339C}.Release|Any CPU.Build.0 = Release|Any CPU
		{D43F1326-9953-4AB5-828C-F24D01644408}.Debug|Any CPU.ActiveCfg = Debug|Any CPU
		{D43F1326-9953-4AB5-828C-F24D01644408}.Debug|Any CPU.Build.0 = Debug|Any CPU
		{D43F1326-9953-4AB5-828C-F24D01644408}.Release|Any CPU.ActiveCfg = Release|Any CPU
		{D43F1326-9953-4AB5-828C-F24D01644408}.Release|Any CPU.Build.0 = Release|Any CPU
	EndGlobalSection
	GlobalSection(SolutionProperties) = preSolution
		HideSolutionNode = FALSE
	EndGlobalSection
EndGlobal
