
Microsoft Visual Studio Solution File, Format Version 9.00
# Visual Studio 2005
Project("{FAE04EC0-301F-11D3-BF4B-00C04F79EFBC}") = "DanhSachSinhVien", "WindowsApplication1\DanhSachSinhVien.csproj", "{62677DB0-44D3-439B-94AD-E589C4181EF9}"
EndProject
Project("{FAE04EC0-301F-11D3-BF4B-00C04F79EFBC}") = "MyLibrary", "MyLiberary\MyLibrary.csproj", "{DA069B02-941D-45C5-BBEC-DEF1278092E5}"
EndProject
Global
	GlobalSection(SolutionConfigurationPlatforms) = preSolution
		Debug|Any CPU = Debug|Any CPU
		Release|Any CPU = Release|Any CPU
	EndGlobalSection
	GlobalSection(ProjectConfigurationPlatforms) = postSolution
		{62677DB0-44D3-439B-94AD-E589C4181EF9}.Debug|Any CPU.ActiveCfg = Debug|Any CPU
		{62677DB0-44D3-439B-94AD-E589C4181EF9}.Debug|Any CPU.Build.0 = Debug|Any CPU
		{62677DB0-44D3-439B-94AD-E589C4181EF9}.Release|Any CPU.ActiveCfg = Release|Any CPU
		{62677DB0-44D3-439B-94AD-E589C4181EF9}.Release|Any CPU.Build.0 = Release|Any CPU
		{DA069B02-941D-45C5-BBEC-DEF1278092E5}.Debug|Any CPU.ActiveCfg = Debug|Any CPU
		{DA069B02-941D-45C5-BBEC-DEF1278092E5}.Debug|Any CPU.Build.0 = Debug|Any CPU
		{DA069B02-941D-45C5-BBEC-DEF1278092E5}.Release|Any CPU.ActiveCfg = Release|Any CPU
		{DA069B02-941D-45C5-BBEC-DEF1278092E5}.Release|Any CPU.Build.0 = Release|Any CPU
	EndGlobalSection
	GlobalSection(SolutionProperties) = preSolution
		HideSolutionNode = FALSE
	EndGlobalSection
EndGlobal
