
Microsoft Visual Studio Solution File, Format Version 9.00
# Visual Studio 2005
Project("{FAE04EC0-301F-11D3-BF4B-00C04F79EFBC}") = "QLSV", "QLSV\QLSV.csproj", "{1AE5D91B-743F-433B-A0CE-BC6D458B9DD7}"
EndProject
Global
	GlobalSection(SolutionConfigurationPlatforms) = preSolution
		Debug|Any CPU = Debug|Any CPU
		Release|Any CPU = Release|Any CPU
	EndGlobalSection
	GlobalSection(ProjectConfigurationPlatforms) = postSolution
		{1AE5D91B-743F-433B-A0CE-BC6D458B9DD7}.Debug|Any CPU.ActiveCfg = Debug|Any CPU
		{1AE5D91B-743F-433B-A0CE-BC6D458B9DD7}.Debug|Any CPU.Build.0 = Debug|Any CPU
		{1AE5D91B-743F-433B-A0CE-BC6D458B9DD7}.Release|Any CPU.ActiveCfg = Release|Any CPU
		{1AE5D91B-743F-433B-A0CE-BC6D458B9DD7}.Release|Any CPU.Build.0 = Release|Any CPU
	EndGlobalSection
	GlobalSection(SolutionProperties) = preSolution
		HideSolutionNode = FALSE
	EndGlobalSection
EndGlobal
