
Microsoft Visual Studio Solution File, Format Version 10.00
# Visual Studio 2008
Project("{F184B08F-C81C-45F6-A57F-5ABD9991F28F}") = "QLBenhVienTu", "QLBenhVienTu\QLBenhVienTu.vbproj", "{B702F8EC-1038-4E52-B95C-94BB709027A6}"
EndProject
Global
	GlobalSection(SolutionConfigurationPlatforms) = preSolution
		Debug|Any CPU = Debug|Any CPU
		Release|Any CPU = Release|Any CPU
	EndGlobalSection
	GlobalSection(ProjectConfigurationPlatforms) = postSolution
		{B702F8EC-1038-4E52-B95C-94BB709027A6}.Debug|Any CPU.ActiveCfg = Debug|Any CPU
		{B702F8EC-1038-4E52-B95C-94BB709027A6}.Debug|Any CPU.Build.0 = Debug|Any CPU
		{B702F8EC-1038-4E52-B95C-94BB709027A6}.Release|Any CPU.ActiveCfg = Release|Any CPU
		{B702F8EC-1038-4E52-B95C-94BB709027A6}.Release|Any CPU.Build.0 = Release|Any CPU
	EndGlobalSection
	GlobalSection(SolutionProperties) = preSolution
		HideSolutionNode = FALSE
	EndGlobalSection
EndGlobal
