
Microsoft Visual Studio Solution File, Format Version 9.00
# Visual Studio 2005
Project("{8BC9CEB8-8B4A-11D0-8D11-00A0C91BC942}") = "0941037", "0941037\0941037.vcproj", "{EC8D6D1A-CF6B-4772-B7F4-06122B4DBABD}"
EndProject
Global
	GlobalSection(SolutionConfigurationPlatforms) = preSolution
		Debug|Win32 = Debug|Win32
		Release|Win32 = Release|Win32
	EndGlobalSection
	GlobalSection(ProjectConfigurationPlatforms) = postSolution
		{EC8D6D1A-CF6B-4772-B7F4-06122B4DBABD}.Debug|Win32.ActiveCfg = Debug|Win32
		{EC8D6D1A-CF6B-4772-B7F4-06122B4DBABD}.Debug|Win32.Build.0 = Debug|Win32
		{EC8D6D1A-CF6B-4772-B7F4-06122B4DBABD}.Release|Win32.ActiveCfg = Release|Win32
		{EC8D6D1A-CF6B-4772-B7F4-06122B4DBABD}.Release|Win32.Build.0 = Release|Win32
	EndGlobalSection
	GlobalSection(SolutionProperties) = preSolution
		HideSolutionNode = FALSE
	EndGlobalSection
EndGlobal
