
Microsoft Visual Studio Solution File, Format Version 10.00
# Visual Studio 2008
Project("{F184B08F-C81C-45F6-A57F-5ABD9991F28F}") = "QuanLyBenhvien", "QuanLyBenhvien\QuanLyBenhvien.vbproj", "{4764C8EA-EDD7-45FF-951A-40F36C132CE9}"
EndProject
Global
	GlobalSection(SolutionConfigurationPlatforms) = preSolution
		Debug|Any CPU = Debug|Any CPU
		Release|Any CPU = Release|Any CPU
	EndGlobalSection
	GlobalSection(ProjectConfigurationPlatforms) = postSolution
		{4764C8EA-EDD7-45FF-951A-40F36C132CE9}.Debug|Any CPU.ActiveCfg = Debug|Any CPU
		{4764C8EA-EDD7-45FF-951A-40F36C132CE9}.Debug|Any CPU.Build.0 = Debug|Any CPU
		{4764C8EA-EDD7-45FF-951A-40F36C132CE9}.Release|Any CPU.ActiveCfg = Release|Any CPU
		{4764C8EA-EDD7-45FF-951A-40F36C132CE9}.Release|Any CPU.Build.0 = Release|Any CPU
	EndGlobalSection
	GlobalSection(SolutionProperties) = preSolution
		HideSolutionNode = FALSE
	EndGlobalSection
EndGlobal
