
Microsoft Visual Studio Solution File, Format Version 9.00
# Visual Studio 2005
Project("{FAE04EC0-301F-11D3-BF4B-00C04F79EFBC}") = "06k3021", "06k3021\06k3021.csproj", "{DCAAF70D-B3F4-4112-90EA-EA1E530A30A6}"
EndProject
Project("{FAE04EC0-301F-11D3-BF4B-00C04F79EFBC}") = "MyClassLibrary", "MyClassLibrary\MyClassLibrary.csproj", "{BCD3900E-7453-4EBF-A790-AA1AB54BD388}"
EndProject
Global
	GlobalSection(SolutionConfigurationPlatforms) = preSolution
		Debug|Any CPU = Debug|Any CPU
		Release|Any CPU = Release|Any CPU
	EndGlobalSection
	GlobalSection(ProjectConfigurationPlatforms) = postSolution
		{DCAAF70D-B3F4-4112-90EA-EA1E530A30A6}.Debug|Any CPU.ActiveCfg = Debug|Any CPU
		{DCAAF70D-B3F4-4112-90EA-EA1E530A30A6}.Debug|Any CPU.Build.0 = Debug|Any CPU
		{DCAAF70D-B3F4-4112-90EA-EA1E530A30A6}.Release|Any CPU.ActiveCfg = Release|Any CPU
		{DCAAF70D-B3F4-4112-90EA-EA1E530A30A6}.Release|Any CPU.Build.0 = Release|Any CPU
		{BCD3900E-7453-4EBF-A790-AA1AB54BD388}.Debug|Any CPU.ActiveCfg = Debug|Any CPU
		{BCD3900E-7453-4EBF-A790-AA1AB54BD388}.Debug|Any CPU.Build.0 = Debug|Any CPU
		{BCD3900E-7453-4EBF-A790-AA1AB54BD388}.Release|Any CPU.ActiveCfg = Release|Any CPU
		{BCD3900E-7453-4EBF-A790-AA1AB54BD388}.Release|Any CPU.Build.0 = Release|Any CPU
	EndGlobalSection
	GlobalSection(SolutionProperties) = preSolution
		HideSolutionNode = FALSE
	EndGlobalSection
EndGlobal
